# THIS IS AN AUTOGENERATED FILE. DO NOT EDIT THIS FILE DIRECTLY.
# yarn lockfile v1


"@babel/helper-plugin-utils@^7.14.5":
  version "7.14.5"
  resolved "https://registry.nlark.com/@babel/helper-plugin-utils/download/@babel/helper-plugin-utils-7.14.5.tgz#5ac822ce97eec46741ab70a517971e443a70c5a9"
  integrity sha1-WsgizpfuxGdBq3ClF5ceRDpwxak=

"@babel/plugin-transform-object-assign@^7.10.4":
  version "7.14.5"
  resolved "https://registry.nlark.com/@babel/plugin-transform-object-assign/download/@babel/plugin-transform-object-assign-7.14.5.tgz#62537d54b6d85de04f4df48bfdba2eebff17b760"
  integrity sha1-YlN9VLbYXeBPTfSL/bou6/8Xt2A=
  dependencies:
    "@babel/helper-plugin-utils" "^7.14.5"

"@egjs/hammerjs@^2.0.17":
  version "2.0.17"
  resolved "https://registry.nlark.com/@egjs/hammerjs/download/@egjs/hammerjs-2.0.17.tgz#5dc02af75a6a06e4c2db0202cae38c9263895124"
  integrity sha1-XcAq91pqBuTC2wICyuOMkmOJUSQ=
  dependencies:
    "@types/hammerjs" "^2.0.36"

"@types/hammerjs@^2.0.36":
  version "2.0.40"
  resolved "https://registry.nlark.com/@types/hammerjs/download/@types/hammerjs-2.0.40.tgz#ded0240b6ea1ad7afc1e60374c49087aaea5dbd8"
  integrity sha1-3tAkC26hrXr8HmA3TEkIeq6l29g=

asap@~2.0.3:
  version "2.0.6"
  resolved "https://registry.nlark.com/asap/download/asap-2.0.6.tgz#e50347611d7e690943208bbdafebcbc2fb866d46"
  integrity sha1-5QNHYR1+aQlDIIu9r+vLwvuGbUY=

cross-fetch@^3.0.4:
  version "3.1.4"
  resolved "https://registry.nlark.com/cross-fetch/download/cross-fetch-3.1.4.tgz#9723f3a3a247bf8b89039f3a380a9244e8fa2f39"
  integrity sha1-lyPzo6JHv4uJA586OAqSROj6Lzk=
  dependencies:
    node-fetch "2.6.1"

fbjs-css-vars@^1.0.0:
  version "1.0.2"
  resolved "https://registry.npm.taobao.org/fbjs-css-vars/download/fbjs-css-vars-1.0.2.tgz#216551136ae02fe255932c3ec8775f18e2c078b8"
  integrity sha1-IWVRE2rgL+JVkyw+yHdfGOLAeLg=

fbjs@^3.0.0:
  version "3.0.0"
  resolved "https://registry.nlark.com/fbjs/download/fbjs-3.0.0.tgz#0907067fb3f57a78f45d95f1eacffcacd623c165"
  integrity sha1-CQcGf7P1enj0XZXx6s/8rNYjwWU=
  dependencies:
    cross-fetch "^3.0.4"
    fbjs-css-vars "^1.0.0"
    loose-envify "^1.0.0"
    object-assign "^4.1.0"
    promise "^7.1.1"
    setimmediate "^1.0.5"
    ua-parser-js "^0.7.18"

hoist-non-react-statics@^3.3.0:
  version "3.3.2"
  resolved "https://registry.nlark.com/hoist-non-react-statics/download/hoist-non-react-statics-3.3.2.tgz#ece0acaf71d62c2969c2ec59feff42a4b1a85b45"
  integrity sha1-7OCsr3HWLClpwuxZ/v9CpLGoW0U=
  dependencies:
    react-is "^16.7.0"

invariant@^2.2.4:
  version "2.2.4"
  resolved "https://registry.nlark.com/invariant/download/invariant-2.2.4.tgz#610f3c92c9359ce1db616e538008d23ff35158e6"
  integrity sha1-YQ88ksk1nOHbYW5TgAjSP/NRWOY=
  dependencies:
    loose-envify "^1.0.0"

"js-tokens@^3.0.0 || ^4.0.0":
  version "4.0.0"
  resolved "https://registry.nlark.com/js-tokens/download/js-tokens-4.0.0.tgz?cache=0&sync_timestamp=1619345098261&other_urls=https%3A%2F%2Fregistry.nlark.com%2Fjs-tokens%2Fdownload%2Fjs-tokens-4.0.0.tgz#19203fb59991df98e3a287050d4647cdeaf32499"
  integrity sha1-GSA/tZmR35jjoocFDUZHzerzJJk=

loose-envify@^1.0.0, loose-envify@^1.4.0:
  version "1.4.0"
  resolved "https://registry.npm.taobao.org/loose-envify/download/loose-envify-1.4.0.tgz#71ee51fa7be4caec1a63839f7e682d8132d30caf"
  integrity sha1-ce5R+nvkyuwaY4OffmgtgTLTDK8=
  dependencies:
    js-tokens "^3.0.0 || ^4.0.0"

mockdate@^3.0.2:
  version "3.0.5"
  resolved "https://registry.nlark.com/mockdate/download/mockdate-3.0.5.tgz#789be686deb3149e7df2b663d2bc4392bc3284fb"
  integrity sha1-eJvmht6zFJ598rZj0rxDkrwyhPs=

node-fetch@2.6.1:
  version "2.6.1"
  resolved "https://registry.npmmirror.com/node-fetch/download/node-fetch-2.6.1.tgz#045bd323631f76ed2e2b55573394416b639a0052"
  integrity sha1-BFvTI2Mfdu0uK1VXM5RBa2OaAFI=

object-assign@^4.1.0, object-assign@^4.1.1:
  version "4.1.1"
  resolved "https://registry.nlark.com/object-assign/download/object-assign-4.1.1.tgz#2109adc7965887cfc05cbbd442cac8bfbb360863"
  integrity sha1-IQmtx5ZYh8/AXLvUQsrIv7s2CGM=

promise@^7.1.1:
  version "7.3.1"
  resolved "https://registry.npm.taobao.org/promise/download/promise-7.3.1.tgz#064b72602b18f90f29192b8b1bc418ffd1ebd3bf"
  integrity sha1-BktyYCsY+Q8pGSuLG8QY/9Hr078=
  dependencies:
    asap "~2.0.3"

prop-types@^15.7.2:
  version "15.7.2"
  resolved "https://registry.npm.taobao.org/prop-types/download/prop-types-15.7.2.tgz#52c41e75b8c87e72b9d9360e0206b99dcbffa6c5"
  integrity sha1-UsQedbjIfnK52TYOAga5ncv/psU=
  dependencies:
    loose-envify "^1.4.0"
    object-assign "^4.1.1"
    react-is "^16.8.1"

react-is@^16.7.0, react-is@^16.8.1:
  version "16.13.1"
  resolved "https://registry.npmmirror.com/react-is/download/react-is-16.13.1.tgz?cache=0&sync_timestamp=1633709792612&other_urls=https%3A%2F%2Fregistry.npmmirror.com%2Freact-is%2Fdownload%2Freact-is-16.13.1.tgz#789729a4dc36de2999dc156dd6c1d9c18cea56a4"
  integrity sha1-eJcppNw23imZ3BVt1sHZwYzqVqQ=

react-native-gesture-handler@^1.10.3:
  version "1.10.3"
  resolved "https://registry.nlark.com/react-native-gesture-handler/download/react-native-gesture-handler-1.10.3.tgz#942bbf2963bbf49fa79593600ee9d7b5dab3cfc0"
  integrity sha1-lCu/KWO79J+nlZNgDunXtdqzz8A=
  dependencies:
    "@egjs/hammerjs" "^2.0.17"
    fbjs "^3.0.0"
    hoist-non-react-statics "^3.3.0"
    invariant "^2.2.4"
    prop-types "^15.7.2"

react-native-reanimated@^2.2.2:
  version "2.2.2"
  resolved "https://registry.npmmirror.com/react-native-reanimated/download/react-native-reanimated-2.2.2.tgz#8bc81c7ee93d599991507bb826050a5eeee1e7f2"
  integrity sha1-i8gcfuk9WZmRUHu4JgUKXu7h5/I=
  dependencies:
    "@babel/plugin-transform-object-assign" "^7.10.4"
    fbjs "^3.0.0"
    mockdate "^3.0.2"
    string-hash-64 "^1.0.3"

setimmediate@^1.0.5:
  version "1.0.5"
  resolved "https://registry.npm.taobao.org/setimmediate/download/setimmediate-1.0.5.tgz#290cbb232e306942d7d7ea9b83732ab7856f8285"
  integrity sha1-KQy7Iy4waULX1+qbg3Mqt4VvgoU=

string-hash-64@^1.0.3:
  version "1.0.3"
  resolved "https://registry.nlark.com/string-hash-64/download/string-hash-64-1.0.3.tgz#0deb56df58678640db5c479ccbbb597aaa0de322"
  integrity sha1-DetW31hnhkDbXEecy7tZeqoN4yI=

ua-parser-js@^0.7.18:
  version "0.7.28"
  resolved "https://registry.npm.taobao.org/ua-parser-js/download/ua-parser-js-0.7.28.tgz#8ba04e653f35ce210239c64661685bf9121dec31"
  integrity sha1-i6BOZT81ziECOcZGYWhb+RId7DE=
